# This file is generated by running "yarn install" inside your project.
# Manual changes might be lost - proceed with caution!

__metadata:
  version: 8
  cacheKey: 10c0

"token-list-builder@workspace:.":
  version: 0.0.0-use.local
  resolution: "token-list-builder@workspace:."
  dependencies:
    turbo: "npm:^2.6.0"
    typescript: "npm:^5.9.3"
  languageName: unknown
  linkType: soft

"turbo-darwin-64@npm:2.6.0":
  version: 2.6.0
  resolution: "turbo-darwin-64@npm:2.6.0"
  conditions: os=darwin & cpu=x64
  languageName: node
  linkType: hard

"turbo-darwin-arm64@npm:2.6.0":
  version: 2.6.0
  resolution: "turbo-darwin-arm64@npm:2.6.0"
  conditions: os=darwin & cpu=arm64
  languageName: node
  linkType: hard

"turbo-linux-64@npm:2.6.0":
  version: 2.6.0
  resolution: "turbo-linux-64@npm:2.6.0"
  conditions: os=linux & cpu=x64
  languageName: node
  linkType: hard

"turbo-linux-arm64@npm:2.6.0":
  version: 2.6.0
  resolution: "turbo-linux-arm64@npm:2.6.0"
  conditions: os=linux & cpu=arm64
  languageName: node
  linkType: hard

"turbo-windows-64@npm:2.6.0":
  version: 2.6.0
  resolution: "turbo-windows-64@npm:2.6.0"
  conditions: os=win32 & cpu=x64
  languageName: node
  linkType: hard

"turbo-windows-arm64@npm:2.6.0":
  version: 2.6.0
  resolution: "turbo-windows-arm64@npm:2.6.0"
  conditions: os=win32 & cpu=arm64
  languageName: node
  linkType: hard

"turbo@npm:^2.6.0":
  version: 2.6.0
  resolution: "turbo@npm:2.6.0"
  dependencies:
    turbo-darwin-64: "npm:2.6.0"
    turbo-darwin-arm64: "npm:2.6.0"
    turbo-linux-64: "npm:2.6.0"
    turbo-linux-arm64: "npm:2.6.0"
    turbo-windows-64: "npm:2.6.0"
    turbo-windows-arm64: "npm:2.6.0"
  dependenciesMeta:
    turbo-darwin-64:
      optional: true
    turbo-darwin-arm64:
      optional: true
    turbo-linux-64:
      optional: true
    turbo-linux-arm64:
      optional: true
    turbo-windows-64:
      optional: true
    turbo-windows-arm64:
      optional: true
  bin:
    turbo: bin/turbo
  checksum: 10c0/736a11be685a5b2841102966574ee44ba068ddcea3201169b922f35e1c216b5550d658a7c755f19f594019e1128910c755b4c884bd59bf421285c17f1b3e1eef
  languageName: node
  linkType: hard

"typescript@npm:^5.9.3":
  version: 5.9.3
  resolution: "typescript@npm:5.9.3"
  bin:
    tsc: bin/tsc
    tsserver: bin/tsserver
  checksum: 10c0/6bd7552ce39f97e711db5aa048f6f9995b53f1c52f7d8667c1abdc1700c68a76a308f579cd309ce6b53646deb4e9a1be7c813a93baaf0a28ccd536a30270e1c5
  languageName: node
  linkType: hard

"typescript@patch:typescript@npm%3A^5.9.3#optional!builtin<compat/typescript>":
  version: 5.9.3
  resolution: "typescript@patch:typescript@npm%3A5.9.3#optional!builtin<compat/typescript>::version=5.9.3&hash=5786d5"
  bin:
    tsc: bin/tsc
    tsserver: bin/tsserver
  checksum: 10c0/ad09fdf7a756814dce65bc60c1657b40d44451346858eea230e10f2e95a289d9183b6e32e5c11e95acc0ccc214b4f36289dcad4bf1886b0adb84d711d336a430
  languageName: node
  linkType: hard
